// !$*UTF8*$!
{
	archiveVersion = 1;
	classes = {
	};
	objectVersion = 56;
	objects = {

/* Begin PBXBuildFile section */
		6A506ACE2BB5CC58007BA915 /* ChartView.swift in Sources */ = {isa = PBXBuildFile; fileRef = 6A506ACD2BB5CC58007BA915 /* ChartView.swift */; };
		6AF4F6732BB58CAB009AE8A1 /* OpenInAppAssignmentApp.swift in Sources */ = {isa = PBXBuildFile; fileRef = 6AF4F6722BB58CAB009AE8A1 /* OpenInAppAssignmentApp.swift */; };
		6AF4F6772BB58CAC009AE8A1 /* Assets.xcassets in Resources */ = {isa = PBXBuildFile; fileRef = 6AF4F6762BB58CAC009AE8A1 /* Assets.xcassets */; };
		6AF4F67A2BB58CAC009AE8A1 /* Preview Assets.xcassets in Resources */ = {isa = PBXBuildFile; fileRef = 6AF4F6792BB58CAC009AE8A1 /* Preview Assets.xcassets */; };
		6AF4F6812BB58D4F009AE8A1 /* DashboardView.swift in Sources */ = {isa = PBXBuildFile; fileRef = 6AF4F6802BB58D4F009AE8A1 /* DashboardView.swift */; };
		6AF4F6872BB58EDE009AE8A1 /* Figtree-Bold.ttf in Resources */ = {isa = PBXBuildFile; fileRef = 6AF4F6832BB58EDE009AE8A1 /* Figtree-Bold.ttf */; };
		6AF4F6882BB58EDE009AE8A1 /* Figtree-Medium.ttf in Resources */ = {isa = PBXBuildFile; fileRef = 6AF4F6842BB58EDE009AE8A1 /* Figtree-Medium.ttf */; };
		6AF4F6892BB58EDE009AE8A1 /* Figtree-Regular.ttf in Resources */ = {isa = PBXBuildFile; fileRef = 6AF4F6852BB58EDE009AE8A1 /* Figtree-Regular.ttf */; };
		6AF4F68A2BB58EDE009AE8A1 /* Figtree-SemiBold.ttf in Resources */ = {isa = PBXBuildFile; fileRef = 6AF4F6862BB58EDE009AE8A1 /* Figtree-SemiBold.ttf */; };
		6AF4F68E2BB59611009AE8A1 /* AnalyticCardView.swift in Sources */ = {isa = PBXBuildFile; fileRef = 6AF4F68D2BB59611009AE8A1 /* AnalyticCardView.swift */; };
		6AF4F6912BB59A40009AE8A1 /* LinkModel.swift in Sources */ = {isa = PBXBuildFile; fileRef = 6AF4F6902BB59A40009AE8A1 /* LinkModel.swift */; };
		6AF4F6932BB59BA7009AE8A1 /* ListLinkView.swift in Sources */ = {isa = PBXBuildFile; fileRef = 6AF4F6922BB59BA7009AE8A1 /* ListLinkView.swift */; };
		6AF4F6952BB59BB0009AE8A1 /* ListLinkCardView.swift in Sources */ = {isa = PBXBuildFile; fileRef = 6AF4F6942BB59BB0009AE8A1 /* ListLinkCardView.swift */; };
		6AF4F6972BB5B088009AE8A1 /* WebImage.swift in Sources */ = {isa = PBXBuildFile; fileRef = 6AF4F6962BB5B088009AE8A1 /* WebImage.swift */; };
		6AF4F69C2BB5B1B3009AE8A1 /* Extentions.swift in Sources */ = {isa = PBXBuildFile; fileRef = 6AF4F69B2BB5B1B3009AE8A1 /* Extentions.swift */; };
		6AF4F69E2BB5B2CF009AE8A1 /* ViewAllButton.swift in Sources */ = {isa = PBXBuildFile; fileRef = 6AF4F69D2BB5B2CF009AE8A1 /* ViewAllButton.swift */; };
		6AF4F6A12BB5B469009AE8A1 /* AnalyticsView.swift in Sources */ = {isa = PBXBuildFile; fileRef = 6AF4F6A02BB5B469009AE8A1 /* AnalyticsView.swift */; };
		6AF4F6A32BB5B4A0009AE8A1 /* MultiActionButton.swift in Sources */ = {isa = PBXBuildFile; fileRef = 6AF4F6A22BB5B4A0009AE8A1 /* MultiActionButton.swift */; };
		6AF4F6A52BB5B5E1009AE8A1 /* SupportView.swift in Sources */ = {isa = PBXBuildFile; fileRef = 6AF4F6A42BB5B5E1009AE8A1 /* SupportView.swift */; };
		6AF4F6A82BB5B6BE009AE8A1 /* NetworkManager.swift in Sources */ = {isa = PBXBuildFile; fileRef = 6AF4F6A72BB5B6BE009AE8A1 /* NetworkManager.swift */; };
		6AF4F6AA2BB5B7B3009AE8A1 /* DashboardModel.swift in Sources */ = {isa = PBXBuildFile; fileRef = 6AF4F6A92BB5B7B3009AE8A1 /* DashboardModel.swift */; };
		6AF4F6AC2BB5B89E009AE8A1 /* DashboardViewModel.swift in Sources */ = {isa = PBXBuildFile; fileRef = 6AF4F6AB2BB5B89E009AE8A1 /* DashboardViewModel.swift */; };
		6AF4F6AE2BB5BE16009AE8A1 /* WelcomeView.swift in Sources */ = {isa = PBXBuildFile; fileRef = 6AF4F6AD2BB5BE16009AE8A1 /* WelcomeView.swift */; };
/* End PBXBuildFile section */

/* Begin PBXFileReference section */
		6A506ACD2BB5CC58007BA915 /* ChartView.swift */ = {isa = PBXFileReference; lastKnownFileType = sourcecode.swift; path = ChartView.swift; sourceTree = "<group>"; };
		6AF4F66F2BB58CAB009AE8A1 /* OpenInAppAssignment.app */ = {isa = PBXFileReference; explicitFileType = wrapper.application; includeInIndex = 0; path = OpenInAppAssignment.app; sourceTree = BUILT_PRODUCTS_DIR; };
		6AF4F6722BB58CAB009AE8A1 /* OpenInAppAssignmentApp.swift */ = {isa = PBXFileReference; lastKnownFileType = sourcecode.swift; path = OpenInAppAssignmentApp.swift; sourceTree = "<group>"; };
		6AF4F6762BB58CAC009AE8A1 /* Assets.xcassets */ = {isa = PBXFileReference; lastKnownFileType = folder.assetcatalog; path = Assets.xcassets; sourceTree = "<group>"; };
		6AF4F6792BB58CAC009AE8A1 /* Preview Assets.xcassets */ = {isa = PBXFileReference; lastKnownFileType = folder.assetcatalog; path = "Preview Assets.xcassets"; sourceTree = "<group>"; };
		6AF4F6802BB58D4F009AE8A1 /* DashboardView.swift */ = {isa = PBXFileReference; lastKnownFileType = sourcecode.swift; path = DashboardView.swift; sourceTree = "<group>"; };
		6AF4F6832BB58EDE009AE8A1 /* Figtree-Bold.ttf */ = {isa = PBXFileReference; lastKnownFileType = file; path = "Figtree-Bold.ttf"; sourceTree = "<group>"; };
		6AF4F6842BB58EDE009AE8A1 /* Figtree-Medium.ttf */ = {isa = PBXFileReference; lastKnownFileType = file; path = "Figtree-Medium.ttf"; sourceTree = "<group>"; };
		6AF4F6852BB58EDE009AE8A1 /* Figtree-Regular.ttf */ = {isa = PBXFileReference; lastKnownFileType = file; path = "Figtree-Regular.ttf"; sourceTree = "<group>"; };
		6AF4F6862BB58EDE009AE8A1 /* Figtree-SemiBold.ttf */ = {isa = PBXFileReference; lastKnownFileType = file; path = "Figtree-SemiBold.ttf"; sourceTree = "<group>"; };
		6AF4F68B2BB58EEA009AE8A1 /* Info.plist */ = {isa = PBXFileReference; lastKnownFileType = text.plist; path = Info.plist; sourceTree = "<group>"; };
		6AF4F68D2BB59611009AE8A1 /* AnalyticCardView.swift */ = {isa = PBXFileReference; lastKnownFileType = sourcecode.swift; path = AnalyticCardView.swift; sourceTree = "<group>"; };
		6AF4F6902BB59A40009AE8A1 /* LinkModel.swift */ = {isa = PBXFileReference; lastKnownFileType = sourcecode.swift; path = LinkModel.swift; sourceTree = "<group>"; };
		6AF4F6922BB59BA7009AE8A1 /* ListLinkView.swift */ = {isa = PBXFileReference; lastKnownFileType = sourcecode.swift; path = ListLinkView.swift; sourceTree = "<group>"; };
		6AF4F6942BB59BB0009AE8A1 /* ListLinkCardView.swift */ = {isa = PBXFileReference; lastKnownFileType = sourcecode.swift; path = ListLinkCardView.swift; sourceTree = "<group>"; };
		6AF4F6962BB5B088009AE8A1 /* WebImage.swift */ = {isa = PBXFileReference; lastKnownFileType = sourcecode.swift; path = WebImage.swift; sourceTree = "<group>"; };
		6AF4F69B2BB5B1B3009AE8A1 /* Extentions.swift */ = {isa = PBXFileReference; lastKnownFileType = sourcecode.swift; path = Extentions.swift; sourceTree = "<group>"; };
		6AF4F69D2BB5B2CF009AE8A1 /* ViewAllButton.swift */ = {isa = PBXFileReference; lastKnownFileType = sourcecode.swift; path = ViewAllButton.swift; sourceTree = "<group>"; };
		6AF4F6A02BB5B469009AE8A1 /* AnalyticsView.swift */ = {isa = PBXFileReference; lastKnownFileType = sourcecode.swift; path = AnalyticsView.swift; sourceTree = "<group>"; };
		6AF4F6A22BB5B4A0009AE8A1 /* MultiActionButton.swift */ = {isa = PBXFileReference; lastKnownFileType = sourcecode.swift; path = MultiActionButton.swift; sourceTree = "<group>"; };
		6AF4F6A42BB5B5E1009AE8A1 /* SupportView.swift */ = {isa = PBXFileReference; lastKnownFileType = sourcecode.swift; path = SupportView.swift; sourceTree = "<group>"; };
		6AF4F6A72BB5B6BE009AE8A1 /* NetworkManager.swift */ = {isa = PBXFileReference; lastKnownFileType = sourcecode.swift; path = NetworkManager.swift; sourceTree = "<group>"; };
		6AF4F6A92BB5B7B3009AE8A1 /* DashboardModel.swift */ = {isa = PBXFileReference; lastKnownFileType = sourcecode.swift; path = DashboardModel.swift; sourceTree = "<group>"; };
		6AF4F6AB2BB5B89E009AE8A1 /* DashboardViewModel.swift */ = {isa = PBXFileReference; lastKnownFileType = sourcecode.swift; path = DashboardViewModel.swift; sourceTree = "<group>"; };
		6AF4F6AD2BB5BE16009AE8A1 /* WelcomeView.swift */ = {isa = PBXFileReference; lastKnownFileType = sourcecode.swift; path = WelcomeView.swift; sourceTree = "<group>"; };
/* End PBXFileReference section */

/* Begin PBXFrameworksBuildPhase section */
		6AF4F66C2BB58CAB009AE8A1 /* Frameworks */ = {
			isa = PBXFrameworksBuildPhase;
			buildActionMask = 2147483647;
			files = (
			);
			runOnlyForDeploymentPostprocessing = 0;
		};
/* End PBXFrameworksBuildPhase section */

/* Begin PBXGroup section */
		6AF4F6662BB58CAB009AE8A1 = {
			isa = PBXGroup;
			children = (
				6AF4F6712BB58CAB009AE8A1 /* OpenInAppAssignment */,
				6AF4F6702BB58CAB009AE8A1 /* Products */,
			);
			sourceTree = "<group>";
		};
		6AF4F6702BB58CAB009AE8A1 /* Products */ = {
			isa = PBXGroup;
			children = (
				6AF4F66F2BB58CAB009AE8A1 /* OpenInAppAssignment.app */,
			);
			name = Products;
			sourceTree = "<group>";
		};
		6AF4F6712BB58CAB009AE8A1 /* OpenInAppAssignment */ = {
			isa = PBXGroup;
			children = (
				6AF4F68B2BB58EEA009AE8A1 /* Info.plist */,
				6AF4F6722BB58CAB009AE8A1 /* OpenInAppAssignmentApp.swift */,
				6AF4F69B2BB5B1B3009AE8A1 /* Extentions.swift */,
				6AF4F6A62BB5B6B3009AE8A1 /* ViewModel */,
				6AF4F69F2BB5B2E1009AE8A1 /* Views */,
				6AF4F68F2BB59A23009AE8A1 /* Model */,
				6AF4F6822BB58EBD009AE8A1 /* Fonts */,
				6AF4F6762BB58CAC009AE8A1 /* Assets.xcassets */,
				6AF4F6782BB58CAC009AE8A1 /* Preview Content */,
			);
			path = OpenInAppAssignment;
			sourceTree = "<group>";
		};
		6AF4F6782BB58CAC009AE8A1 /* Preview Content */ = {
			isa = PBXGroup;
			children = (
				6AF4F6792BB58CAC009AE8A1 /* Preview Assets.xcassets */,
			);
			path = "Preview Content";
			sourceTree = "<group>";
		};
		6AF4F6822BB58EBD009AE8A1 /* Fonts */ = {
			isa = PBXGroup;
			children = (
				6AF4F6832BB58EDE009AE8A1 /* Figtree-Bold.ttf */,
				6AF4F6842BB58EDE009AE8A1 /* Figtree-Medium.ttf */,
				6AF4F6852BB58EDE009AE8A1 /* Figtree-Regular.ttf */,
				6AF4F6862BB58EDE009AE8A1 /* Figtree-SemiBold.ttf */,
			);
			path = Fonts;
			sourceTree = "<group>";
		};
		6AF4F68C2BB595F6009AE8A1 /* ReusableViews */ = {
			isa = PBXGroup;
			children = (
				6AF4F68D2BB59611009AE8A1 /* AnalyticCardView.swift */,
				6AF4F6942BB59BB0009AE8A1 /* ListLinkCardView.swift */,
				6AF4F6962BB5B088009AE8A1 /* WebImage.swift */,
				6AF4F69D2BB5B2CF009AE8A1 /* ViewAllButton.swift */,
				6AF4F6A22BB5B4A0009AE8A1 /* MultiActionButton.swift */,
			);
			path = ReusableViews;
			sourceTree = "<group>";
		};
		6AF4F68F2BB59A23009AE8A1 /* Model */ = {
			isa = PBXGroup;
			children = (
				6AF4F6902BB59A40009AE8A1 /* LinkModel.swift */,
				6AF4F6A92BB5B7B3009AE8A1 /* DashboardModel.swift */,
			);
			path = Model;
			sourceTree = "<group>";
		};
		6AF4F69F2BB5B2E1009AE8A1 /* Views */ = {
			isa = PBXGroup;
			children = (
				6AF4F6802BB58D4F009AE8A1 /* DashboardView.swift */,
				6A506ACD2BB5CC58007BA915 /* ChartView.swift */,
				6AF4F6AD2BB5BE16009AE8A1 /* WelcomeView.swift */,
				6AF4F6A02BB5B469009AE8A1 /* AnalyticsView.swift */,
				6AF4F6922BB59BA7009AE8A1 /* ListLinkView.swift */,
				6AF4F6A42BB5B5E1009AE8A1 /* SupportView.swift */,
				6AF4F68C2BB595F6009AE8A1 /* ReusableViews */,
			);
			path = Views;
			sourceTree = "<group>";
		};
		6AF4F6A62BB5B6B3009AE8A1 /* ViewModel */ = {
			isa = PBXGroup;
			children = (
				6AF4F6A72BB5B6BE009AE8A1 /* NetworkManager.swift */,
				6AF4F6AB2BB5B89E009AE8A1 /* DashboardViewModel.swift */,
			);
			path = ViewModel;
			sourceTree = "<group>";
		};
/* End PBXGroup section */

/* Begin PBXNativeTarget section */
		6AF4F66E2BB58CAB009AE8A1 /* OpenInAppAssignment */ = {
			isa = PBXNativeTarget;
			buildConfigurationList = 6AF4F67D2BB58CAC009AE8A1 /* Build configuration list for PBXNativeTarget "OpenInAppAssignment" */;
			buildPhases = (
				6AF4F66B2BB58CAB009AE8A1 /* Sources */,
				6AF4F66C2BB58CAB009AE8A1 /* Frameworks */,
				6AF4F66D2BB58CAB009AE8A1 /* Resources */,
			);
			buildRules = (
			);
			dependencies = (
			);
			name = OpenInAppAssignment;
			productName = OpenInAppAssignment;
			productReference = 6AF4F66F2BB58CAB009AE8A1 /* OpenInAppAssignment.app */;
			productType = "com.apple.product-type.application";
		};
/* End PBXNativeTarget section */

/* Begin PBXProject section */
		6AF4F6672BB58CAB009AE8A1 /* Project object */ = {
			isa = PBXProject;
			attributes = {
				BuildIndependentTargetsInParallel = 1;
				LastSwiftUpdateCheck = 1530;
				LastUpgradeCheck = 1530;
				TargetAttributes = {
					6AF4F66E2BB58CAB009AE8A1 = {
						CreatedOnToolsVersion = 15.3;
					};
				};
			};
			buildConfigurationList = 6AF4F66A2BB58CAB009AE8A1 /* Build configuration list for PBXProject "OpenInAppAssignment" */;
			compatibilityVersion = "Xcode 14.0";
			developmentRegion = en;
			hasScannedForEncodings = 0;
			knownRegions = (
				en,
				Base,
			);
			mainGroup = 6AF4F6662BB58CAB009AE8A1;
			productRefGroup = 6AF4F6702BB58CAB009AE8A1 /* Products */;
			projectDirPath = "";
			projectRoot = "";
			targets = (
				6AF4F66E2BB58CAB009AE8A1 /* OpenInAppAssignment */,
			);
		};
/* End PBXProject section */

/* Begin PBXResourcesBuildPhase section */
		6AF4F66D2BB58CAB009AE8A1 /* Resources */ = {
			isa = PBXResourcesBuildPhase;
			buildActionMask = 2147483647;
			files = (
				6AF4F68A2BB58EDE009AE8A1 /* Figtree-SemiBold.ttf in Resources */,
				6AF4F67A2BB58CAC009AE8A1 /* Preview Assets.xcassets in Resources */,
				6AF4F6872BB58EDE009AE8A1 /* Figtree-Bold.ttf in Resources */,
				6AF4F6882BB58EDE009AE8A1 /* Figtree-Medium.ttf in Resources */,
				6AF4F6772BB58CAC009AE8A1 /* Assets.xcassets in Resources */,
				6AF4F6892BB58EDE009AE8A1 /* Figtree-Regular.ttf in Resources */,
			);
			runOnlyForDeploymentPostprocessing = 0;
		};
/* End PBXResourcesBuildPhase section */

/* Begin PBXSourcesBuildPhase section */
		6AF4F66B2BB58CAB009AE8A1 /* Sources */ = {
			isa = PBXSourcesBuildPhase;
			buildActionMask = 2147483647;
			files = (
				6AF4F69E2BB5B2CF009AE8A1 /* ViewAllButton.swift in Sources */,
				6AF4F6952BB59BB0009AE8A1 /* ListLinkCardView.swift in Sources */,
				6AF4F6932BB59BA7009AE8A1 /* ListLinkView.swift in Sources */,
				6AF4F6A32BB5B4A0009AE8A1 /* MultiActionButton.swift in Sources */,
				6AF4F6972BB5B088009AE8A1 /* WebImage.swift in Sources */,
				6AF4F6AE2BB5BE16009AE8A1 /* WelcomeView.swift in Sources */,
				6AF4F6A52BB5B5E1009AE8A1 /* SupportView.swift in Sources */,
				6AF4F6912BB59A40009AE8A1 /* LinkModel.swift in Sources */,
				6AF4F6AC2BB5B89E009AE8A1 /* DashboardViewModel.swift in Sources */,
				6AF4F6A12BB5B469009AE8A1 /* AnalyticsView.swift in Sources */,
				6A506ACE2BB5CC58007BA915 /* ChartView.swift in Sources */,
				6AF4F6812BB58D4F009AE8A1 /* DashboardView.swift in Sources */,
				6AF4F6AA2BB5B7B3009AE8A1 /* DashboardModel.swift in Sources */,
				6AF4F6A82BB5B6BE009AE8A1 /* NetworkManager.swift in Sources */,
				6AF4F6732BB58CAB009AE8A1 /* OpenInAppAssignmentApp.swift in Sources */,
				6AF4F68E2BB59611009AE8A1 /* AnalyticCardView.swift in Sources */,
				6AF4F69C2BB5B1B3009AE8A1 /* Extentions.swift in Sources */,
			);
			runOnlyForDeploymentPostprocessing = 0;
		};
/* End PBXSourcesBuildPhase section */

/* Begin XCBuildConfiguration section */
		6AF4F67B2BB58CAC009AE8A1 /* Debug */ = {
			isa = XCBuildConfiguration;
			buildSettings = {
				ALWAYS_SEARCH_USER_PATHS = NO;
				ASSETCATALOG_COMPILER_GENERATE_SWIFT_ASSET_SYMBOL_EXTENSIONS = YES;
				CLANG_ANALYZER_NONNULL = YES;
				CLANG_ANALYZER_NUMBER_OBJECT_CONVERSION = YES_AGGRESSIVE;
				CLANG_CXX_LANGUAGE_STANDARD = "gnu++20";
				CLANG_ENABLE_MODULES = YES;
				CLANG_ENABLE_OBJC_ARC = YES;
				CLANG_ENABLE_OBJC_WEAK = YES;
				CLANG_WARN_BLOCK_CAPTURE_AUTORELEASING = YES;
				CLANG_WARN_BOOL_CONVERSION = YES;
				CLANG_WARN_COMMA = YES;
				CLANG_WARN_CONSTANT_CONVERSION = YES;
				CLANG_WARN_DEPRECATED_OBJC_IMPLEMENTATIONS = YES;
				CLANG_WARN_DIRECT_OBJC_ISA_USAGE = YES_ERROR;
				CLANG_WARN_DOCUMENTATION_COMMENTS = YES;
				CLANG_WARN_EMPTY_BODY = YES;
				CLANG_WARN_ENUM_CONVERSION = YES;
				CLANG_WARN_INFINITE_RECURSION = YES;
				CLANG_WARN_INT_CONVERSION = YES;
				CLANG_WARN_NON_LITERAL_NULL_CONVERSION = YES;
				CLANG_WARN_OBJC_IMPLICIT_RETAIN_SELF = YES;
				CLANG_WARN_OBJC_LITERAL_CONVERSION = YES;
				CLANG_WARN_OBJC_ROOT_CLASS = YES_ERROR;
				CLANG_WARN_QUOTED_INCLUDE_IN_FRAMEWORK_HEADER = YES;
				CLANG_WARN_RANGE_LOOP_ANALYSIS = YES;
				CLANG_WARN_STRICT_PROTOTYPES = YES;
				CLANG_WARN_SUSPICIOUS_MOVE = YES;
				CLANG_WARN_UNGUARDED_AVAILABILITY = YES_AGGRESSIVE;
				CLANG_WARN_UNREACHABLE_CODE = YES;
				CLANG_WARN__DUPLICATE_METHOD_MATCH = YES;
				COPY_PHASE_STRIP = NO;
				DEBUG_INFORMATION_FORMAT = dwarf;
				ENABLE_STRICT_OBJC_MSGSEND = YES;
				ENABLE_TESTABILITY = YES;
				ENABLE_USER_SCRIPT_SANDBOXING = YES;
				GCC_C_LANGUAGE_STANDARD = gnu17;
				GCC_DYNAMIC_NO_PIC = NO;
				GCC_NO_COMMON_BLOCKS = YES;
				GCC_OPTIMIZATION_LEVEL = 0;
				GCC_PREPROCESSOR_DEFINITIONS = (
					"DEBUG=1",
					"$(inherited)",
				);
				GCC_WARN_64_TO_32_BIT_CONVERSION = YES;
				GCC_WARN_ABOUT_RETURN_TYPE = YES_ERROR;
				GCC_WARN_UNDECLARED_SELECTOR = YES;
				GCC_WARN_UNINITIALIZED_AUTOS = YES_AGGRESSIVE;
				GCC_WARN_UNUSED_FUNCTION = YES;
				GCC_WARN_UNUSED_VARIABLE = YES;
				IPHONEOS_DEPLOYMENT_TARGET = 17.4;
				LOCALIZATION_PREFERS_STRING_CATALOGS = YES;
				MTL_ENABLE_DEBUG_INFO = INCLUDE_SOURCE;
				MTL_FAST_MATH = YES;
				ONLY_ACTIVE_ARCH = YES;
				SDKROOT = iphoneos;
				SWIFT_ACTIVE_COMPILATION_CONDITIONS = "DEBUG $(inherited)";
				SWIFT_OPTIMIZATION_LEVEL = "-Onone";
			};
			name = Debug;
		};
		6AF4F67C2BB58CAC009AE8A1 /* Release */ = {
			isa = XCBuildConfiguration;
			buildSettings = {
				ALWAYS_SEARCH_USER_PATHS = NO;
				ASSETCATALOG_COMPILER_GENERATE_SWIFT_ASSET_SYMBOL_EXTENSIONS = YES;
				CLANG_ANALYZER_NONNULL = YES;
				CLANG_ANALYZER_NUMBER_OBJECT_CONVERSION = YES_AGGRESSIVE;
				CLANG_CXX_LANGUAGE_STANDARD = "gnu++20";
				CLANG_ENABLE_MODULES = YES;
				CLANG_ENABLE_OBJC_ARC = YES;
				CLANG_ENABLE_OBJC_WEAK = YES;
				CLANG_WARN_BLOCK_CAPTURE_AUTORELEASING = YES;
				CLANG_WARN_BOOL_CONVERSION = YES;
				CLANG_WARN_COMMA = YES;
				CLANG_WARN_CONSTANT_CONVERSION = YES;
				CLANG_WARN_DEPRECATED_OBJC_IMPLEMENTATIONS = YES;
				CLANG_WARN_DIRECT_OBJC_ISA_USAGE = YES_ERROR;
				CLANG_WARN_DOCUMENTATION_COMMENTS = YES;
				CLANG_WARN_EMPTY_BODY = YES;
				CLANG_WARN_ENUM_CONVERSION = YES;
				CLANG_WARN_INFINITE_RECURSION = YES;
				CLANG_WARN_INT_CONVERSION = YES;
				CLANG_WARN_NON_LITERAL_NULL_CONVERSION = YES;
				CLANG_WARN_OBJC_IMPLICIT_RETAIN_SELF = YES;
				CLANG_WARN_OBJC_LITERAL_CONVERSION = YES;
				CLANG_WARN_OBJC_ROOT_CLASS = YES_ERROR;
				CLANG_WARN_QUOTED_INCLUDE_IN_FRAMEWORK_HEADER = YES;
				CLANG_WARN_RANGE_LOOP_ANALYSIS = YES;
				CLANG_WARN_STRICT_PROTOTYPES = YES;
				CLANG_WARN_SUSPICIOUS_MOVE = YES;
				CLANG_WARN_UNGUARDED_AVAILABILITY = YES_AGGRESSIVE;
				CLANG_WARN_UNREACHABLE_CODE = YES;
				CLANG_WARN__DUPLICATE_METHOD_MATCH = YES;
				COPY_PHASE_STRIP = NO;
				DEBUG_INFORMATION_FORMAT = "dwarf-with-dsym";
				ENABLE_NS_ASSERTIONS = NO;
				ENABLE_STRICT_OBJC_MSGSEND = YES;
				ENABLE_USER_SCRIPT_SANDBOXING = YES;
				GCC_C_LANGUAGE_STANDARD = gnu17;
				GCC_NO_COMMON_BLOCKS = YES;
				GCC_WARN_64_TO_32_BIT_CONVERSION = YES;
				GCC_WARN_ABOUT_RETURN_TYPE = YES_ERROR;
				GCC_WARN_UNDECLARED_SELECTOR = YES;
				GCC_WARN_UNINITIALIZED_AUTOS = YES_AGGRESSIVE;
				GCC_WARN_UNUSED_FUNCTION = YES;
				GCC_WARN_UNUSED_VARIABLE = YES;
				IPHONEOS_DEPLOYMENT_TARGET = 17.4;
				LOCALIZATION_PREFERS_STRING_CATALOGS = YES;
				MTL_ENABLE_DEBUG_INFO = NO;
				MTL_FAST_MATH = YES;
				SDKROOT = iphoneos;
				SWIFT_COMPILATION_MODE = wholemodule;
				VALIDATE_PRODUCT = YES;
			};
			name = Release;
		};
		6AF4F67E2BB58CAC009AE8A1 /* Debug */ = {
			isa = XCBuildConfiguration;
			buildSettings = {
				ASSETCATALOG_COMPILER_APPICON_NAME = AppIcon;
				ASSETCATALOG_COMPILER_GLOBAL_ACCENT_COLOR_NAME = AccentColor;
				CODE_SIGN_STYLE = Automatic;
				CURRENT_PROJECT_VERSION = 1;
				DEVELOPMENT_ASSET_PATHS = "\"OpenInAppAssignment/Preview Content\"";
				DEVELOPMENT_TEAM = KH8B299556;
				ENABLE_PREVIEWS = YES;
				GENERATE_INFOPLIST_FILE = YES;
				INFOPLIST_FILE = OpenInAppAssignment/Info.plist;
				INFOPLIST_KEY_UIApplicationSceneManifest_Generation = YES;
				INFOPLIST_KEY_UIApplicationSupportsIndirectInputEvents = YES;
				INFOPLIST_KEY_UILaunchScreen_Generation = YES;
				INFOPLIST_KEY_UISupportedInterfaceOrientations_iPad = "UIInterfaceOrientationPortrait UIInterfaceOrientationPortraitUpsideDown UIInterfaceOrientationLandscapeLeft UIInterfaceOrientationLandscapeRight";
				INFOPLIST_KEY_UISupportedInterfaceOrientations_iPhone = "UIInterfaceOrientationPortrait UIInterfaceOrientationLandscapeLeft UIInterfaceOrientationLandscapeRight";
				LD_RUNPATH_SEARCH_PATHS = (
					"$(inherited)",
					"@executable_path/Frameworks",
				);
				MARKETING_VERSION = 1.0;
				PRODUCT_BUNDLE_IDENTIFIER = com.arnavsinghal.OpenInAppAssignment;
				PRODUCT_NAME = "$(TARGET_NAME)";
				SWIFT_EMIT_LOC_STRINGS = YES;
				SWIFT_VERSION = 5.0;
				TARGETED_DEVICE_FAMILY = "1,2";
			};
			name = Debug;
		};
		6AF4F67F2BB58CAC009AE8A1 /* Release */ = {
			isa = XCBuildConfiguration;
			buildSettings = {
				ASSETCATALOG_COMPILER_APPICON_NAME = AppIcon;
				ASSETCATALOG_COMPILER_GLOBAL_ACCENT_COLOR_NAME = AccentColor;
				CODE_SIGN_STYLE = Automatic;
				CURRENT_PROJECT_VERSION = 1;
				DEVELOPMENT_ASSET_PATHS = "\"OpenInAppAssignment/Preview Content\"";
				DEVELOPMENT_TEAM = KH8B299556;
				ENABLE_PREVIEWS = YES;
				GENERATE_INFOPLIST_FILE = YES;
				INFOPLIST_FILE = OpenInAppAssignment/Info.plist;
				INFOPLIST_KEY_UIApplicationSceneManifest_Generation = YES;
				INFOPLIST_KEY_UIApplicationSupportsIndirectInputEvents = YES;
				INFOPLIST_KEY_UILaunchScreen_Generation = YES;
				INFOPLIST_KEY_UISupportedInterfaceOrientations_iPad = "UIInterfaceOrientationPortrait UIInterfaceOrientationPortraitUpsideDown UIInterfaceOrientationLandscapeLeft UIInterfaceOrientationLandscapeRight";
				INFOPLIST_KEY_UISupportedInterfaceOrientations_iPhone = "UIInterfaceOrientationPortrait UIInterfaceOrientationLandscapeLeft UIInterfaceOrientationLandscapeRight";
				LD_RUNPATH_SEARCH_PATHS = (
					"$(inherited)",
					"@executable_path/Frameworks",
				);
				MARKETING_VERSION = 1.0;
				PRODUCT_BUNDLE_IDENTIFIER = com.arnavsinghal.OpenInAppAssignment;
				PRODUCT_NAME = "$(TARGET_NAME)";
				SWIFT_EMIT_LOC_STRINGS = YES;
				SWIFT_VERSION = 5.0;
				TARGETED_DEVICE_FAMILY = "1,2";
			};
			name = Release;
		};
/* End XCBuildConfiguration section */

/* Begin XCConfigurationList section */
		6AF4F66A2BB58CAB009AE8A1 /* Build configuration list for PBXProject "OpenInAppAssignment" */ = {
			isa = XCConfigurationList;
			buildConfigurations = (
				6AF4F67B2BB58CAC009AE8A1 /* Debug */,
				6AF4F67C2BB58CAC009AE8A1 /* Release */,
			);
			defaultConfigurationIsVisible = 0;
			defaultConfigurationName = Release;
		};
		6AF4F67D2BB58CAC009AE8A1 /* Build configuration list for PBXNativeTarget "OpenInAppAssignment" */ = {
			isa = XCConfigurationList;
			buildConfigurations = (
				6AF4F67E2BB58CAC009AE8A1 /* Debug */,
				6AF4F67F2BB58CAC009AE8A1 /* Release */,
			);
			defaultConfigurationIsVisible = 0;
			defaultConfigurationName = Release;
		};
/* End XCConfigurationList section */
	};
	rootObject = 6AF4F6672BB58CAB009AE8A1 /* Project object */;
}
